PODS:
  - Alamofire (5.5.0)
  - Kingfisher (7.2.0)
  - Moya (15.0.0):
    - Moya/Core (= 15.0.0)
  - Moya/Core (15.0.0):
    - Alamofire (~> 5.0)
  - Swinject (2.8.1)

DEPENDENCIES:
  - Kingfisher (~> 7.2.0)
  - Moya (~> 15.0.0)
  - Swinject (~> 2.8.0)

SPEC REPOS:
  trunk:
    - Alamofire
    - Kingfisher
    - Moya
    - Swinject

SPEC CHECKSUMS:
  Alamofire: 1c4fb5369c3fe93d2857c780d8bbe09f06f97e7c
  Kingfisher: 3ac0b75b155cabc0e544877d1a4deea29feece92
  Moya: 138f0573e53411fb3dc17016add0b748dfbd78ee
  Swinject: 97112918bd7e0785dc2df7036213f3c8cbba6586

PODFILE CHECKSUM: d07fb4bae04008121c67ee653b8633dc8decd3ae

COCOAPODS: 1.11.2
